{
    "name": "my-app",
    "version": "0.0.1",
    "lockfileVersion": 1,
    "requires": true,
    "dependencies": {
        "@dannydasilva/my-package": {
            "version": "1.0.0",
            "resolved": "https://registry.npmjs.org/@dannydasilva/my-package/-/my-package-1.0.0.tgz",
            "integrity": "sha512-yDZ9XE+NkJCVKEeJ5oTgfwXuHeNoO9RGDI0HgKzfV4j2WEtB6k+ZXwbYdtPulp352HODA7Ph7cl7OKil9nhaDg=="
        }
    }
}
